
Microsoft Visual Studio Solution File, Format Version 12.00
# Visual Studio Version 16
VisualStudioVersion = 16.0.32802.440
MinimumVisualStudioVersion = 10.0.40219.1
Project("{FAE04EC0-301F-11D3-BF4B-00C04F79EFBC}") = "QLTPKS", "QLTPKS.csproj", "{0A883E3D-8723-4F8F-B824-78A380F150B9}"
EndProject
Project("{54435603-DBB4-11D2-8724-00A0C9A8B90C}") = "SetupQLKS", "..\SetupQLKS\SetupQLKS.vdproj", "{C9BBFA8F-9956-4CA0-A742-0EC756C21157}"
EndProject
Global
	GlobalSection(SolutionConfigurationPlatforms) = preSolution
		Debug|Any CPU = Debug|Any CPU
		Release|Any CPU = Release|Any CPU
	EndGlobalSection
	GlobalSection(ProjectConfigurationPlatforms) = postSolution
		{0A883E3D-8723-4F8F-B824-78A380F150B9}.Debug|Any CPU.ActiveCfg = Debug|Any CPU
		{0A883E3D-8723-4F8F-B824-78A380F150B9}.Debug|Any CPU.Build.0 = Debug|Any CPU
		{0A883E3D-8723-4F8F-B824-78A380F150B9}.Release|Any CPU.ActiveCfg = Release|Any CPU
		{0A883E3D-8723-4F8F-B824-78A380F150B9}.Release|Any CPU.Build.0 = Release|Any CPU
		{C9BBFA8F-9956-4CA0-A742-0EC756C21157}.Debug|Any CPU.ActiveCfg = Debug
		{C9BBFA8F-9956-4CA0-A742-0EC756C21157}.Release|Any CPU.ActiveCfg = Release
	EndGlobalSection
	GlobalSection(SolutionProperties) = preSolution
		HideSolutionNode = FALSE
	EndGlobalSection
	GlobalSection(ExtensibilityGlobals) = postSolution
		SolutionGuid = {C41BA115-BB13-449E-AF9A-6073E303F895}
	EndGlobalSection
EndGlobal
